
Microsoft Visual Studio Solution File, Format Version 12.00
# Visual Studio Version 17
VisualStudioVersion = 17.11.35431.28
MinimumVisualStudioVersion = 10.0.40219.1
Project("{FAE04EC0-301F-11D3-BF4B-00C04F79EFBC}") = "Car Sales", "Car Sales.csproj", "{79122F2F-97F8-481F-8F8E-E41424E19C1C}"
EndProject
Global
	GlobalSection(SolutionConfigurationPlatforms) = preSolution
		Debug|Any CPU = Debug|Any CPU
		Release|Any CPU = Release|Any CPU
	EndGlobalSection
	GlobalSection(ProjectConfigurationPlatforms) = postSolution
		{79122F2F-97F8-481F-8F8E-E41424E19C1C}.Debug|Any CPU.ActiveCfg = Debug|Any CPU
		{79122F2F-97F8-481F-8F8E-E41424E19C1C}.Debug|Any CPU.Build.0 = Debug|Any CPU
		{79122F2F-97F8-481F-8F8E-E41424E19C1C}.Release|Any CPU.ActiveCfg = Release|Any CPU
		{79122F2F-97F8-481F-8F8E-E41424E19C1C}.Release|Any CPU.Build.0 = Release|Any CPU
	EndGlobalSection
	GlobalSection(SolutionProperties) = preSolution
		HideSolutionNode = FALSE
	EndGlobalSection
	GlobalSection(ExtensibilityGlobals) = postSolution
		SolutionGuid = {2EFAE7CA-16D6-4C07-BFFE-1FC25FCE1B0D}
	EndGlobalSection
EndGlobal
